
Microsoft Visual Studio Solution File, Format Version 12.00
Project("{FAE04EC0-301F-11D3-BF4B-00C04F79EFBC}") = "PatrickTheBot.AzureFunctions", "PatrickTheBot.AzureFunctions\PatrickTheBot.AzureFunctions.csproj", "{134CD7C6-38C4-439F-82CB-220B1CE73AF1}"
EndProject
Global
	GlobalSection(SolutionConfigurationPlatforms) = preSolution
		Debug|Any CPU = Debug|Any CPU
		Release|Any CPU = Release|Any CPU
	EndGlobalSection
	GlobalSection(ProjectConfigurationPlatforms) = postSolution
		{134CD7C6-38C4-439F-82CB-220B1CE73AF1}.Debug|Any CPU.ActiveCfg = Debug|Any CPU
		{134CD7C6-38C4-439F-82CB-220B1CE73AF1}.Debug|Any CPU.Build.0 = Debug|Any CPU
		{134CD7C6-38C4-439F-82CB-220B1CE73AF1}.Release|Any CPU.ActiveCfg = Release|Any CPU
		{134CD7C6-38C4-439F-82CB-220B1CE73AF1}.Release|Any CPU.Build.0 = Release|Any CPU
	EndGlobalSection
EndGlobal
